// !$*UTF8*$!
{
	archiveVersion = 1;
	classes = {
	};
	objectVersion = 56;
	objects = {

/* Begin PBXBuildFile section */
		634338982CBBA1CF005B3298 /* MyNewsApp.swift in Sources */ = {isa = PBXBuildFile; fileRef = 634338972CBBA1CF005B3298 /* MyNewsApp.swift */; };
		6343389C2CBBA1D2005B3298 /* Assets.xcassets in Resources */ = {isa = PBXBuildFile; fileRef = 6343389B2CBBA1D2005B3298 /* Assets.xcassets */; };
		6343389F2CBBA1D2005B3298 /* Preview Assets.xcassets in Resources */ = {isa = PBXBuildFile; fileRef = 6343389E2CBBA1D2005B3298 /* Preview Assets.xcassets */; };
		634338A62CBBA4EE005B3298 /* NetworkService.swift in Sources */ = {isa = PBXBuildFile; fileRef = 634338A52CBBA4EE005B3298 /* NetworkService.swift */; };
		634338A82CBBA599005B3298 /* NewsListView.swift in Sources */ = {isa = PBXBuildFile; fileRef = 634338A72CBBA599005B3298 /* NewsListView.swift */; };
		634338AA2CBBA61D005B3298 /* NewsRepository.swift in Sources */ = {isa = PBXBuildFile; fileRef = 634338A92CBBA61D005B3298 /* NewsRepository.swift */; };
		634338AC2CBBA637005B3298 /* NewsListViewModel.swift in Sources */ = {isa = PBXBuildFile; fileRef = 634338AB2CBBA637005B3298 /* NewsListViewModel.swift */; };
		634338AE2CBBA658005B3298 /* ArticleDetailViewModel.swift in Sources */ = {isa = PBXBuildFile; fileRef = 634338AD2CBBA658005B3298 /* ArticleDetailViewModel.swift */; };
		634338B02CBBA6E7005B3298 /* CoreDataStorageManager.swift in Sources */ = {isa = PBXBuildFile; fileRef = 634338AF2CBBA6E7005B3298 /* CoreDataStorageManager.swift */; };
		634338B22CBBA953005B3298 /* NewsService.swift in Sources */ = {isa = PBXBuildFile; fileRef = 634338B12CBBA953005B3298 /* NewsService.swift */; };
		634338B42CBBC44F005B3298 /* NewsResponse.swift in Sources */ = {isa = PBXBuildFile; fileRef = 634338B32CBBC44F005B3298 /* NewsResponse.swift */; };
		634338B62CBBC53C005B3298 /* Endpoint.swift in Sources */ = {isa = PBXBuildFile; fileRef = 634338B52CBBC53C005B3298 /* Endpoint.swift */; };
		634338C02CBBC675005B3298 /* ArticleDetailView.swift in Sources */ = {isa = PBXBuildFile; fileRef = 634338BF2CBBC675005B3298 /* ArticleDetailView.swift */; };
		634338C22CBBC69B005B3298 /* ArticleRowView.swift in Sources */ = {isa = PBXBuildFile; fileRef = 634338C12CBBC69B005B3298 /* ArticleRowView.swift */; };
/* End PBXBuildFile section */

/* Begin PBXFileReference section */
		634338942CBBA1CF005B3298 /* MyNews.app */ = {isa = PBXFileReference; explicitFileType = wrapper.application; includeInIndex = 0; path = MyNews.app; sourceTree = BUILT_PRODUCTS_DIR; };
		634338972CBBA1CF005B3298 /* MyNewsApp.swift */ = {isa = PBXFileReference; lastKnownFileType = sourcecode.swift; path = MyNewsApp.swift; sourceTree = "<group>"; };
		6343389B2CBBA1D2005B3298 /* Assets.xcassets */ = {isa = PBXFileReference; lastKnownFileType = folder.assetcatalog; path = Assets.xcassets; sourceTree = "<group>"; };
		6343389E2CBBA1D2005B3298 /* Preview Assets.xcassets */ = {isa = PBXFileReference; lastKnownFileType = folder.assetcatalog; path = "Preview Assets.xcassets"; sourceTree = "<group>"; };
		634338A52CBBA4EE005B3298 /* NetworkService.swift */ = {isa = PBXFileReference; lastKnownFileType = sourcecode.swift; path = NetworkService.swift; sourceTree = "<group>"; };
		634338A72CBBA599005B3298 /* NewsListView.swift */ = {isa = PBXFileReference; lastKnownFileType = sourcecode.swift; path = NewsListView.swift; sourceTree = "<group>"; };
		634338A92CBBA61D005B3298 /* NewsRepository.swift */ = {isa = PBXFileReference; lastKnownFileType = sourcecode.swift; path = NewsRepository.swift; sourceTree = "<group>"; };
		634338AB2CBBA637005B3298 /* NewsListViewModel.swift */ = {isa = PBXFileReference; lastKnownFileType = sourcecode.swift; path = NewsListViewModel.swift; sourceTree = "<group>"; };
		634338AD2CBBA658005B3298 /* ArticleDetailViewModel.swift */ = {isa = PBXFileReference; lastKnownFileType = sourcecode.swift; path = ArticleDetailViewModel.swift; sourceTree = "<group>"; };
		634338AF2CBBA6E7005B3298 /* CoreDataStorageManager.swift */ = {isa = PBXFileReference; lastKnownFileType = sourcecode.swift; path = CoreDataStorageManager.swift; sourceTree = "<group>"; };
		634338B12CBBA953005B3298 /* NewsService.swift */ = {isa = PBXFileReference; lastKnownFileType = sourcecode.swift; path = NewsService.swift; sourceTree = "<group>"; };
		634338B32CBBC44F005B3298 /* NewsResponse.swift */ = {isa = PBXFileReference; lastKnownFileType = sourcecode.swift; path = NewsResponse.swift; sourceTree = "<group>"; };
		634338B52CBBC53C005B3298 /* Endpoint.swift */ = {isa = PBXFileReference; lastKnownFileType = sourcecode.swift; path = Endpoint.swift; sourceTree = "<group>"; };
		634338BF2CBBC675005B3298 /* ArticleDetailView.swift */ = {isa = PBXFileReference; lastKnownFileType = sourcecode.swift; path = ArticleDetailView.swift; sourceTree = "<group>"; };
		634338C12CBBC69B005B3298 /* ArticleRowView.swift */ = {isa = PBXFileReference; lastKnownFileType = sourcecode.swift; path = ArticleRowView.swift; sourceTree = "<group>"; };
/* End PBXFileReference section */

/* Begin PBXFrameworksBuildPhase section */
		634338912CBBA1CF005B3298 /* Frameworks */ = {
			isa = PBXFrameworksBuildPhase;
			buildActionMask = 2147483647;
			files = (
			);
			runOnlyForDeploymentPostprocessing = 0;
		};
/* End PBXFrameworksBuildPhase section */

/* Begin PBXGroup section */
		6343388B2CBBA1CF005B3298 = {
			isa = PBXGroup;
			children = (
				634338962CBBA1CF005B3298 /* MyNews */,
				634338952CBBA1CF005B3298 /* Products */,
			);
			sourceTree = "<group>";
		};
		634338952CBBA1CF005B3298 /* Products */ = {
			isa = PBXGroup;
			children = (
				634338942CBBA1CF005B3298 /* MyNews.app */,
			);
			name = Products;
			sourceTree = "<group>";
		};
		634338962CBBA1CF005B3298 /* MyNews */ = {
			isa = PBXGroup;
			children = (
				634338B72CBBC5A4005B3298 /* NetworkLayer */,
				634338BC2CBBC610005B3298 /* Modules */,
				634338B82CBBC5B8005B3298 /* RepositoryLayer */,
				634338BB2CBBC5F3005B3298 /* DatabaseManager */,
				634338B92CBBC5D1005B3298 /* ServiceLayer */,
				634338BA2CBBC5E7005B3298 /* Model */,
				634338972CBBA1CF005B3298 /* MyNewsApp.swift */,
				6343389B2CBBA1D2005B3298 /* Assets.xcassets */,
				6343389D2CBBA1D2005B3298 /* Preview Content */,
			);
			path = MyNews;
			sourceTree = "<group>";
		};
		6343389D2CBBA1D2005B3298 /* Preview Content */ = {
			isa = PBXGroup;
			children = (
				6343389E2CBBA1D2005B3298 /* Preview Assets.xcassets */,
			);
			path = "Preview Content";
			sourceTree = "<group>";
		};
		634338B72CBBC5A4005B3298 /* NetworkLayer */ = {
			isa = PBXGroup;
			children = (
				634338A52CBBA4EE005B3298 /* NetworkService.swift */,
				634338B52CBBC53C005B3298 /* Endpoint.swift */,
			);
			path = NetworkLayer;
			sourceTree = "<group>";
		};
		634338B82CBBC5B8005B3298 /* RepositoryLayer */ = {
			isa = PBXGroup;
			children = (
				634338A92CBBA61D005B3298 /* NewsRepository.swift */,
			);
			path = RepositoryLayer;
			sourceTree = "<group>";
		};
		634338B92CBBC5D1005B3298 /* ServiceLayer */ = {
			isa = PBXGroup;
			children = (
				634338B12CBBA953005B3298 /* NewsService.swift */,
			);
			path = ServiceLayer;
			sourceTree = "<group>";
		};
		634338BA2CBBC5E7005B3298 /* Model */ = {
			isa = PBXGroup;
			children = (
				634338B32CBBC44F005B3298 /* NewsResponse.swift */,
			);
			path = Model;
			sourceTree = "<group>";
		};
		634338BB2CBBC5F3005B3298 /* DatabaseManager */ = {
			isa = PBXGroup;
			children = (
				634338AF2CBBA6E7005B3298 /* CoreDataStorageManager.swift */,
			);
			path = DatabaseManager;
			sourceTree = "<group>";
		};
		634338BC2CBBC610005B3298 /* Modules */ = {
			isa = PBXGroup;
			children = (
				634338BE2CBBC628005B3298 /* ArticleDetail */,
				634338BD2CBBC617005B3298 /* NewsList */,
			);
			path = Modules;
			sourceTree = "<group>";
		};
		634338BD2CBBC617005B3298 /* NewsList */ = {
			isa = PBXGroup;
			children = (
				634338C42CBBC6C1005B3298 /* ViewModel */,
				634338C32CBBC6B3005B3298 /* View */,
			);
			path = NewsList;
			sourceTree = "<group>";
		};
		634338BE2CBBC628005B3298 /* ArticleDetail */ = {
			isa = PBXGroup;
			children = (
				634338C62CBBC6F6005B3298 /* ViewModel */,
				634338C52CBBC6E1005B3298 /* View */,
			);
			path = ArticleDetail;
			sourceTree = "<group>";
		};
		634338C32CBBC6B3005B3298 /* View */ = {
			isa = PBXGroup;
			children = (
				634338A72CBBA599005B3298 /* NewsListView.swift */,
				634338C12CBBC69B005B3298 /* ArticleRowView.swift */,
			);
			path = View;
			sourceTree = "<group>";
		};
		634338C42CBBC6C1005B3298 /* ViewModel */ = {
			isa = PBXGroup;
			children = (
				634338AB2CBBA637005B3298 /* NewsListViewModel.swift */,
			);
			path = ViewModel;
			sourceTree = "<group>";
		};
		634338C52CBBC6E1005B3298 /* View */ = {
			isa = PBXGroup;
			children = (
				634338BF2CBBC675005B3298 /* ArticleDetailView.swift */,
			);
			path = View;
			sourceTree = "<group>";
		};
		634338C62CBBC6F6005B3298 /* ViewModel */ = {
			isa = PBXGroup;
			children = (
				634338AD2CBBA658005B3298 /* ArticleDetailViewModel.swift */,
			);
			path = ViewModel;
			sourceTree = "<group>";
		};
/* End PBXGroup section */

/* Begin PBXNativeTarget section */
		634338932CBBA1CF005B3298 /* MyNews */ = {
			isa = PBXNativeTarget;
			buildConfigurationList = 634338A22CBBA1D2005B3298 /* Build configuration list for PBXNativeTarget "MyNews" */;
			buildPhases = (
				634338902CBBA1CF005B3298 /* Sources */,
				634338912CBBA1CF005B3298 /* Frameworks */,
				634338922CBBA1CF005B3298 /* Resources */,
			);
			buildRules = (
			);
			dependencies = (
			);
			name = MyNews;
			productName = MyNews;
			productReference = 634338942CBBA1CF005B3298 /* MyNews.app */;
			productType = "com.apple.product-type.application";
		};
/* End PBXNativeTarget section */

/* Begin PBXProject section */
		6343388C2CBBA1CF005B3298 /* Project object */ = {
			isa = PBXProject;
			attributes = {
				BuildIndependentTargetsInParallel = 1;
				LastSwiftUpdateCheck = 1430;
				LastUpgradeCheck = 1430;
				TargetAttributes = {
					634338932CBBA1CF005B3298 = {
						CreatedOnToolsVersion = 14.3.1;
					};
				};
			};
			buildConfigurationList = 6343388F2CBBA1CF005B3298 /* Build configuration list for PBXProject "MyNews" */;
			compatibilityVersion = "Xcode 14.0";
			developmentRegion = en;
			hasScannedForEncodings = 0;
			knownRegions = (
				en,
				Base,
			);
			mainGroup = 6343388B2CBBA1CF005B3298;
			productRefGroup = 634338952CBBA1CF005B3298 /* Products */;
			projectDirPath = "";
			projectRoot = "";
			targets = (
				634338932CBBA1CF005B3298 /* MyNews */,
			);
		};
/* End PBXProject section */

/* Begin PBXResourcesBuildPhase section */
		634338922CBBA1CF005B3298 /* Resources */ = {
			isa = PBXResourcesBuildPhase;
			buildActionMask = 2147483647;
			files = (
				6343389F2CBBA1D2005B3298 /* Preview Assets.xcassets in Resources */,
				6343389C2CBBA1D2005B3298 /* Assets.xcassets in Resources */,
			);
			runOnlyForDeploymentPostprocessing = 0;
		};
/* End PBXResourcesBuildPhase section */

/* Begin PBXSourcesBuildPhase section */
		634338902CBBA1CF005B3298 /* Sources */ = {
			isa = PBXSourcesBuildPhase;
			buildActionMask = 2147483647;
			files = (
				634338A82CBBA599005B3298 /* NewsListView.swift in Sources */,
				634338B02CBBA6E7005B3298 /* CoreDataStorageManager.swift in Sources */,
				634338B22CBBA953005B3298 /* NewsService.swift in Sources */,
				634338A62CBBA4EE005B3298 /* NetworkService.swift in Sources */,
				634338B62CBBC53C005B3298 /* Endpoint.swift in Sources */,
				634338982CBBA1CF005B3298 /* MyNewsApp.swift in Sources */,
				634338B42CBBC44F005B3298 /* NewsResponse.swift in Sources */,
				634338AE2CBBA658005B3298 /* ArticleDetailViewModel.swift in Sources */,
				634338AA2CBBA61D005B3298 /* NewsRepository.swift in Sources */,
				634338C02CBBC675005B3298 /* ArticleDetailView.swift in Sources */,
				634338C22CBBC69B005B3298 /* ArticleRowView.swift in Sources */,
				634338AC2CBBA637005B3298 /* NewsListViewModel.swift in Sources */,
			);
			runOnlyForDeploymentPostprocessing = 0;
		};
/* End PBXSourcesBuildPhase section */

/* Begin XCBuildConfiguration section */
		634338A02CBBA1D2005B3298 /* Debug */ = {
			isa = XCBuildConfiguration;
			buildSettings = {
				ALWAYS_SEARCH_USER_PATHS = NO;
				CLANG_ANALYZER_NONNULL = YES;
				CLANG_ANALYZER_NUMBER_OBJECT_CONVERSION = YES_AGGRESSIVE;
				CLANG_CXX_LANGUAGE_STANDARD = "gnu++20";
				CLANG_ENABLE_MODULES = YES;
				CLANG_ENABLE_OBJC_ARC = YES;
				CLANG_ENABLE_OBJC_WEAK = YES;
				CLANG_WARN_BLOCK_CAPTURE_AUTORELEASING = YES;
				CLANG_WARN_BOOL_CONVERSION = YES;
				CLANG_WARN_COMMA = YES;
				CLANG_WARN_CONSTANT_CONVERSION = YES;
				CLANG_WARN_DEPRECATED_OBJC_IMPLEMENTATIONS = YES;
				CLANG_WARN_DIRECT_OBJC_ISA_USAGE = YES_ERROR;
				CLANG_WARN_DOCUMENTATION_COMMENTS = YES;
				CLANG_WARN_EMPTY_BODY = YES;
				CLANG_WARN_ENUM_CONVERSION = YES;
				CLANG_WARN_INFINITE_RECURSION = YES;
				CLANG_WARN_INT_CONVERSION = YES;
				CLANG_WARN_NON_LITERAL_NULL_CONVERSION = YES;
				CLANG_WARN_OBJC_IMPLICIT_RETAIN_SELF = YES;
				CLANG_WARN_OBJC_LITERAL_CONVERSION = YES;
				CLANG_WARN_OBJC_ROOT_CLASS = YES_ERROR;
				CLANG_WARN_QUOTED_INCLUDE_IN_FRAMEWORK_HEADER = YES;
				CLANG_WARN_RANGE_LOOP_ANALYSIS = YES;
				CLANG_WARN_STRICT_PROTOTYPES = YES;
				CLANG_WARN_SUSPICIOUS_MOVE = YES;
				CLANG_WARN_UNGUARDED_AVAILABILITY = YES_AGGRESSIVE;
				CLANG_WARN_UNREACHABLE_CODE = YES;
				CLANG_WARN__DUPLICATE_METHOD_MATCH = YES;
				COPY_PHASE_STRIP = NO;
				DEBUG_INFORMATION_FORMAT = dwarf;
				ENABLE_STRICT_OBJC_MSGSEND = YES;
				ENABLE_TESTABILITY = YES;
				GCC_C_LANGUAGE_STANDARD = gnu11;
				GCC_DYNAMIC_NO_PIC = NO;
				GCC_NO_COMMON_BLOCKS = YES;
				GCC_OPTIMIZATION_LEVEL = 0;
				GCC_PREPROCESSOR_DEFINITIONS = (
					"DEBUG=1",
					"$(inherited)",
				);
				GCC_WARN_64_TO_32_BIT_CONVERSION = YES;
				GCC_WARN_ABOUT_RETURN_TYPE = YES_ERROR;
				GCC_WARN_UNDECLARED_SELECTOR = YES;
				GCC_WARN_UNINITIALIZED_AUTOS = YES_AGGRESSIVE;
				GCC_WARN_UNUSED_FUNCTION = YES;
				GCC_WARN_UNUSED_VARIABLE = YES;
				IPHONEOS_DEPLOYMENT_TARGET = 16.4;
				MTL_ENABLE_DEBUG_INFO = INCLUDE_SOURCE;
				MTL_FAST_MATH = YES;
				ONLY_ACTIVE_ARCH = YES;
				SDKROOT = iphoneos;
				SWIFT_ACTIVE_COMPILATION_CONDITIONS = DEBUG;
				SWIFT_OPTIMIZATION_LEVEL = "-Onone";
			};
			name = Debug;
		};
		634338A12CBBA1D2005B3298 /* Release */ = {
			isa = XCBuildConfiguration;
			buildSettings = {
				ALWAYS_SEARCH_USER_PATHS = NO;
				CLANG_ANALYZER_NONNULL = YES;
				CLANG_ANALYZER_NUMBER_OBJECT_CONVERSION = YES_AGGRESSIVE;
				CLANG_CXX_LANGUAGE_STANDARD = "gnu++20";
				CLANG_ENABLE_MODULES = YES;
				CLANG_ENABLE_OBJC_ARC = YES;
				CLANG_ENABLE_OBJC_WEAK = YES;
				CLANG_WARN_BLOCK_CAPTURE_AUTORELEASING = YES;
				CLANG_WARN_BOOL_CONVERSION = YES;
				CLANG_WARN_COMMA = YES;
				CLANG_WARN_CONSTANT_CONVERSION = YES;
				CLANG_WARN_DEPRECATED_OBJC_IMPLEMENTATIONS = YES;
				CLANG_WARN_DIRECT_OBJC_ISA_USAGE = YES_ERROR;
				CLANG_WARN_DOCUMENTATION_COMMENTS = YES;
				CLANG_WARN_EMPTY_BODY = YES;
				CLANG_WARN_ENUM_CONVERSION = YES;
				CLANG_WARN_INFINITE_RECURSION = YES;
				CLANG_WARN_INT_CONVERSION = YES;
				CLANG_WARN_NON_LITERAL_NULL_CONVERSION = YES;
				CLANG_WARN_OBJC_IMPLICIT_RETAIN_SELF = YES;
				CLANG_WARN_OBJC_LITERAL_CONVERSION = YES;
				CLANG_WARN_OBJC_ROOT_CLASS = YES_ERROR;
				CLANG_WARN_QUOTED_INCLUDE_IN_FRAMEWORK_HEADER = YES;
				CLANG_WARN_RANGE_LOOP_ANALYSIS = YES;
				CLANG_WARN_STRICT_PROTOTYPES = YES;
				CLANG_WARN_SUSPICIOUS_MOVE = YES;
				CLANG_WARN_UNGUARDED_AVAILABILITY = YES_AGGRESSIVE;
				CLANG_WARN_UNREACHABLE_CODE = YES;
				CLANG_WARN__DUPLICATE_METHOD_MATCH = YES;
				COPY_PHASE_STRIP = NO;
				DEBUG_INFORMATION_FORMAT = "dwarf-with-dsym";
				ENABLE_NS_ASSERTIONS = NO;
				ENABLE_STRICT_OBJC_MSGSEND = YES;
				GCC_C_LANGUAGE_STANDARD = gnu11;
				GCC_NO_COMMON_BLOCKS = YES;
				GCC_WARN_64_TO_32_BIT_CONVERSION = YES;
				GCC_WARN_ABOUT_RETURN_TYPE = YES_ERROR;
				GCC_WARN_UNDECLARED_SELECTOR = YES;
				GCC_WARN_UNINITIALIZED_AUTOS = YES_AGGRESSIVE;
				GCC_WARN_UNUSED_FUNCTION = YES;
				GCC_WARN_UNUSED_VARIABLE = YES;
				IPHONEOS_DEPLOYMENT_TARGET = 16.4;
				MTL_ENABLE_DEBUG_INFO = NO;
				MTL_FAST_MATH = YES;
				SDKROOT = iphoneos;
				SWIFT_COMPILATION_MODE = wholemodule;
				SWIFT_OPTIMIZATION_LEVEL = "-O";
				VALIDATE_PRODUCT = YES;
			};
			name = Release;
		};
		634338A32CBBA1D2005B3298 /* Debug */ = {
			isa = XCBuildConfiguration;
			buildSettings = {
				ASSETCATALOG_COMPILER_APPICON_NAME = AppIcon;
				ASSETCATALOG_COMPILER_GLOBAL_ACCENT_COLOR_NAME = AccentColor;
				CODE_SIGN_STYLE = Automatic;
				CURRENT_PROJECT_VERSION = 1;
				DEVELOPMENT_ASSET_PATHS = "\"MyNews/Preview Content\"";
				ENABLE_PREVIEWS = YES;
				GENERATE_INFOPLIST_FILE = YES;
				INFOPLIST_KEY_UIApplicationSceneManifest_Generation = YES;
				INFOPLIST_KEY_UIApplicationSupportsIndirectInputEvents = YES;
				INFOPLIST_KEY_UILaunchScreen_Generation = YES;
				INFOPLIST_KEY_UISupportedInterfaceOrientations_iPad = "UIInterfaceOrientationPortrait UIInterfaceOrientationPortraitUpsideDown UIInterfaceOrientationLandscapeLeft UIInterfaceOrientationLandscapeRight";
				INFOPLIST_KEY_UISupportedInterfaceOrientations_iPhone = "UIInterfaceOrientationPortrait UIInterfaceOrientationLandscapeLeft UIInterfaceOrientationLandscapeRight";
				LD_RUNPATH_SEARCH_PATHS = (
					"$(inherited)",
					"@executable_path/Frameworks",
				);
				MARKETING_VERSION = 1.0;
				PRODUCT_BUNDLE_IDENTIFIER = PavanShisode.MyNews;
				PRODUCT_NAME = "$(TARGET_NAME)";
				SWIFT_EMIT_LOC_STRINGS = YES;
				SWIFT_VERSION = 5.0;
				TARGETED_DEVICE_FAMILY = "1,2";
			};
			name = Debug;
		};
		634338A42CBBA1D2005B3298 /* Release */ = {
			isa = XCBuildConfiguration;
			buildSettings = {
				ASSETCATALOG_COMPILER_APPICON_NAME = AppIcon;
				ASSETCATALOG_COMPILER_GLOBAL_ACCENT_COLOR_NAME = AccentColor;
				CODE_SIGN_STYLE = Automatic;
				CURRENT_PROJECT_VERSION = 1;
				DEVELOPMENT_ASSET_PATHS = "\"MyNews/Preview Content\"";
				ENABLE_PREVIEWS = YES;
				GENERATE_INFOPLIST_FILE = YES;
				INFOPLIST_KEY_UIApplicationSceneManifest_Generation = YES;
				INFOPLIST_KEY_UIApplicationSupportsIndirectInputEvents = YES;
				INFOPLIST_KEY_UILaunchScreen_Generation = YES;
				INFOPLIST_KEY_UISupportedInterfaceOrientations_iPad = "UIInterfaceOrientationPortrait UIInterfaceOrientationPortraitUpsideDown UIInterfaceOrientationLandscapeLeft UIInterfaceOrientationLandscapeRight";
				INFOPLIST_KEY_UISupportedInterfaceOrientations_iPhone = "UIInterfaceOrientationPortrait UIInterfaceOrientationLandscapeLeft UIInterfaceOrientationLandscapeRight";
				LD_RUNPATH_SEARCH_PATHS = (
					"$(inherited)",
					"@executable_path/Frameworks",
				);
				MARKETING_VERSION = 1.0;
				PRODUCT_BUNDLE_IDENTIFIER = PavanShisode.MyNews;
				PRODUCT_NAME = "$(TARGET_NAME)";
				SWIFT_EMIT_LOC_STRINGS = YES;
				SWIFT_VERSION = 5.0;
				TARGETED_DEVICE_FAMILY = "1,2";
			};
			name = Release;
		};
/* End XCBuildConfiguration section */

/* Begin XCConfigurationList section */
		6343388F2CBBA1CF005B3298 /* Build configuration list for PBXProject "MyNews" */ = {
			isa = XCConfigurationList;
			buildConfigurations = (
				634338A02CBBA1D2005B3298 /* Debug */,
				634338A12CBBA1D2005B3298 /* Release */,
			);
			defaultConfigurationIsVisible = 0;
			defaultConfigurationName = Release;
		};
		634338A22CBBA1D2005B3298 /* Build configuration list for PBXNativeTarget "MyNews" */ = {
			isa = XCConfigurationList;
			buildConfigurations = (
				634338A32CBBA1D2005B3298 /* Debug */,
				634338A42CBBA1D2005B3298 /* Release */,
			);
			defaultConfigurationIsVisible = 0;
			defaultConfigurationName = Release;
		};
/* End XCConfigurationList section */
	};
	rootObject = 6343388C2CBBA1CF005B3298 /* Project object */;
}
